
Microsoft Visual Studio Solution File, Format Version 12.00
# Visual Studio Version 17
VisualStudioVersion = 17.10.35122.118
MinimumVisualStudioVersion = 10.0.40219.1
Project("{FAE04EC0-301F-11D3-BF4B-00C04F79EFBC}") = "AlmazAucceon(3)", "AlmazAucceon(3)\AlmazAucceon(3).csproj", "{400D8F92-EA26-4708-8BC4-99D7D5BB59A3}"
EndProject
Global
	GlobalSection(SolutionConfigurationPlatforms) = preSolution
		Debug|Any CPU = Debug|Any CPU
		Release|Any CPU = Release|Any CPU
	EndGlobalSection
	GlobalSection(ProjectConfigurationPlatforms) = postSolution
		{400D8F92-EA26-4708-8BC4-99D7D5BB59A3}.Debug|Any CPU.ActiveCfg = Debug|Any CPU
		{400D8F92-EA26-4708-8BC4-99D7D5BB59A3}.Debug|Any CPU.Build.0 = Debug|Any CPU
		{400D8F92-EA26-4708-8BC4-99D7D5BB59A3}.Release|Any CPU.ActiveCfg = Release|Any CPU
		{400D8F92-EA26-4708-8BC4-99D7D5BB59A3}.Release|Any CPU.Build.0 = Release|Any CPU
	EndGlobalSection
	GlobalSection(SolutionProperties) = preSolution
		HideSolutionNode = FALSE
	EndGlobalSection
	GlobalSection(ExtensibilityGlobals) = postSolution
		SolutionGuid = {339D8807-33D5-4621-B67C-DE2B74F95D28}
	EndGlobalSection
EndGlobal
